<?xml version="1.0" encoding="utf-8"?>
<Project ToolsVersion="4.0" xmlns="http://schemas.microsoft.com/developer/msbuild/2003">
  <ItemGroup>
    <Filter Include="Fichiers sources">
      <UniqueIdentifier>{4FC737F1-C7A5-4376-A066-2A32D752A2FF}</UniqueIdentifier>
      <Extensions>cpp;c;cc;cxx;c++;cppm;ixx;def;odl;idl;hpj;bat;asm;asmx</Extensions>
    </Filter>
    <Filter Include="Fichiers d%27en-tête">
      <UniqueIdentifier>{93995380-89BD-4b04-88EB-625FBE52EBFB}</UniqueIdentifier>
      <Extensions>h;hh;hpp;hxx;h++;hm;inl;inc;ipp;xsd</Extensions>
    </Filter>
    <Filter Include="Fichiers de ressources">
      <UniqueIdentifier>{67DA6AB6-F800-4c08-8B7A-83BB121AAD01}</UniqueIdentifier>
      <Extensions>rc;ico;cur;bmp;dlg;rc2;rct;bin;rgs;gif;jpg;jpeg;jpe;resx;tiff;tif;png;wav;mfcribbon-ms</Extensions>
    </Filter>
    <Filter Include="Fichiers sources\Manager">
      <UniqueIdentifier>{b320851c-0630-4415-8c7a-ba03a7256633}</UniqueIdentifier>
    </Filter>
    <Filter Include="Fichiers sources\Ui">
      <UniqueIdentifier>{fbd2d3fe-5621-494b-8f4b-e94ece1ba994}</UniqueIdentifier>
    </Filter>
    <Filter Include="Fichiers sources\Object">
      <UniqueIdentifier>{59deda70-429d-499a-9372-cf743e160c23}</UniqueIdentifier>
    </Filter>
    <Filter Include="Fichiers sources\Component">
      <UniqueIdentifier>{0a6a1754-be60-432c-8a62-b0713dc58aad}</UniqueIdentifier>
    </Filter>
    <Filter Include="Fichiers sources\Manager\Font">
      <UniqueIdentifier>{da228f4c-d181-43c1-aaaf-af4c7befed5b}</UniqueIdentifier>
    </Filter>
    <Filter Include="Fichiers sources\Manager\Texture">
      <UniqueIdentifier>{d0972d0c-bea6-449f-a47a-d86bdaa4e9a1}</UniqueIdentifier>
    </Filter>
    <Filter Include="Fichiers sources\Manager\Input">
      <UniqueIdentifier>{cab228c6-9d33-4fb8-ac17-9c477a44eaf0}</UniqueIdentifier>
    </Filter>
    <Filter Include="Fichiers sources\Manager\Actor">
      <UniqueIdentifier>{e1edfef5-1cf3-4b1e-8db3-21c686f4ef9d}</UniqueIdentifier>
    </Filter>
    <Filter Include="Fichiers sources\Manager\Timer">
      <UniqueIdentifier>{309f0ea2-29a6-40e8-9c3c-e1139b84c3ea}</UniqueIdentifier>
    </Filter>
    <Filter Include="Fichiers sources\Misc">
      <UniqueIdentifier>{fc59658b-abd8-4b98-ab8c-e2b7749adffe}</UniqueIdentifier>
    </Filter>
  </ItemGroup>
  <ItemGroup>
    <ClCompile Include="Main.cpp">
      <Filter>Fichiers sources</Filter>
    </ClCompile>
    <ClCompile Include="Game.cpp">
      <Filter>Fichiers sources</Filter>
    </ClCompile>
    <ClCompile Include="ActorManager.cpp">
      <Filter>Fichiers sources\Manager\Actor</Filter>
    </ClCompile>
    <ClCompile Include="Action.cpp">
      <Filter>Fichiers sources\Manager\Input</Filter>
    </ClCompile>
    <ClCompile Include="ActionMap.cpp">
      <Filter>Fichiers sources\Manager\Input</Filter>
    </ClCompile>
    <ClCompile Include="InputManager.cpp">
      <Filter>Fichiers sources\Manager\Input</Filter>
    </ClCompile>
    <ClCompile Include="Macro.cpp">
      <Filter>Fichiers sources\Manager\Font</Filter>
    </ClCompile>
    <ClCompile Include="FontManager.cpp">
      <Filter>Fichiers sources\Manager\Font</Filter>
    </ClCompile>
    <ClCompile Include="FontData.cpp">
      <Filter>Fichiers sources\Manager\Font</Filter>
    </ClCompile>
    <ClCompile Include="TextureData.cpp">
      <Filter>Fichiers sources\Manager\Texture</Filter>
    </ClCompile>
    <ClCompile Include="TextureManager.cpp">
      <Filter>Fichiers sources\Manager\Texture</Filter>
    </ClCompile>
    <ClCompile Include="Timer.cpp">
      <Filter>Fichiers sources\Manager\Timer</Filter>
    </ClCompile>
    <ClCompile Include="TimerManager.cpp">
      <Filter>Fichiers sources\Manager\Timer</Filter>
    </ClCompile>
    <ClCompile Include="HUD.cpp">
      <Filter>Fichiers sources\Ui</Filter>
    </ClCompile>
    <ClCompile Include="Canvas.cpp">
      <Filter>Fichiers sources\Ui</Filter>
    </ClCompile>
    <ClCompile Include="Widget.cpp">
      <Filter>Fichiers sources\Ui</Filter>
    </ClCompile>
    <ClCompile Include="ProgressBar.cpp">
      <Filter>Fichiers sources\Ui</Filter>
    </ClCompile>
    <ClCompile Include="Button.cpp">
      <Filter>Fichiers sources\Ui</Filter>
    </ClCompile>
    <ClCompile Include="Object.cpp">
      <Filter>Fichiers sources\Object</Filter>
    </ClCompile>
    <ClCompile Include="Player.cpp">
      <Filter>Fichiers sources\Object</Filter>
    </ClCompile>
    <ClCompile Include="Actor.cpp">
      <Filter>Fichiers sources\Object</Filter>
    </ClCompile>
    <ClCompile Include="MovementComponent.cpp">
      <Filter>Fichiers sources\Component</Filter>
    </ClCompile>
    <ClCompile Include="Component.cpp">
      <Filter>Fichiers sources\Component</Filter>
    </ClCompile>
    <ClCompile Include="Tile.cpp">
      <Filter>Fichiers sources\Object</Filter>
    </ClCompile>
  </ItemGroup>
  <ItemGroup>
    <ClInclude Include="Game.h">
      <Filter>Fichiers sources</Filter>
    </ClInclude>
    <ClInclude Include="Macro.h">
      <Filter>Fichiers d%27en-tête</Filter>
    </ClInclude>
    <ClInclude Include="Action.h">
      <Filter>Fichiers sources\Manager\Input</Filter>
    </ClInclude>
    <ClInclude Include="InputManager.h">
      <Filter>Fichiers sources\Manager\Input</Filter>
    </ClInclude>
    <ClInclude Include="FontManager.h">
      <Filter>Fichiers sources\Manager\Font</Filter>
    </ClInclude>
    <ClInclude Include="FontData.h">
      <Filter>Fichiers sources\Manager\Font</Filter>
    </ClInclude>
    <ClInclude Include="ActionMap.h">
      <Filter>Fichiers sources\Manager\Input</Filter>
    </ClInclude>
    <ClInclude Include="ActorManager.h">
      <Filter>Fichiers sources\Manager\Actor</Filter>
    </ClInclude>
    <ClInclude Include="TextureData.h">
      <Filter>Fichiers sources\Manager\Texture</Filter>
    </ClInclude>
    <ClInclude Include="TextureManager.h">
      <Filter>Fichiers sources\Manager\Texture</Filter>
    </ClInclude>
    <ClInclude Include="Timer.h">
      <Filter>Fichiers sources\Manager\Timer</Filter>
    </ClInclude>
    <ClInclude Include="TimerManager.h">
      <Filter>Fichiers sources\Manager\Timer</Filter>
    </ClInclude>
    <ClInclude Include="HUD.h">
      <Filter>Fichiers sources\Ui</Filter>
    </ClInclude>
    <ClInclude Include="Canvas.h">
      <Filter>Fichiers sources\Ui</Filter>
    </ClInclude>
    <ClInclude Include="Widget.h">
      <Filter>Fichiers sources\Ui</Filter>
    </ClInclude>
    <ClInclude Include="ProgressBar.h">
      <Filter>Fichiers sources\Ui</Filter>
    </ClInclude>
    <ClInclude Include="Button.h">
      <Filter>Fichiers sources\Ui</Filter>
    </ClInclude>
    <ClInclude Include="Player.h">
      <Filter>Fichiers sources\Object</Filter>
    </ClInclude>
    <ClInclude Include="Object.h">
      <Filter>Fichiers sources\Object</Filter>
    </ClInclude>
    <ClInclude Include="Actor.h">
      <Filter>Fichiers sources\Object</Filter>
    </ClInclude>
    <ClInclude Include="MovementComponent.h">
      <Filter>Fichiers sources\Component</Filter>
    </ClInclude>
    <ClInclude Include="Component.h">
      <Filter>Fichiers sources\Component</Filter>
    </ClInclude>
    <ClInclude Include="IManagable.h">
      <Filter>Fichiers sources\Manager</Filter>
    </ClInclude>
    <ClInclude Include="IManager.h">
      <Filter>Fichiers sources\Manager</Filter>
    </ClInclude>
    <ClInclude Include="Singleton.h">
      <Filter>Fichiers sources\Manager</Filter>
    </ClInclude>
    <ClInclude Include="FileLoader.h">
      <Filter>Fichiers sources\Misc</Filter>
    </ClInclude>
    <ClInclude Include="Tile.h">
      <Filter>Fichiers sources\Object</Filter>
    </ClInclude>
  </ItemGroup>
</Project>