<?xml version="1.0" encoding="utf-8"?>
<Project ToolsVersion="4.0" xmlns="http://schemas.microsoft.com/developer/msbuild/2003">
  <ItemGroup>
    <Filter Include="Fichiers sources">
      <UniqueIdentifier>{4FC737F1-C7A5-4376-A066-2A32D752A2FF}</UniqueIdentifier>
      <Extensions>cpp;c;cc;cxx;c++;cppm;ixx;def;odl;idl;hpj;bat;asm;asmx</Extensions>
    </Filter>
    <Filter Include="Fichiers d%27en-tête">
      <UniqueIdentifier>{93995380-89BD-4b04-88EB-625FBE52EBFB}</UniqueIdentifier>
      <Extensions>h;hh;hpp;hxx;h++;hm;inl;inc;ipp;xsd</Extensions>
    </Filter>
    <Filter Include="Fichiers de ressources">
      <UniqueIdentifier>{67DA6AB6-F800-4c08-8B7A-83BB121AAD01}</UniqueIdentifier>
      <Extensions>rc;ico;cur;bmp;dlg;rc2;rct;bin;rgs;gif;jpg;jpeg;jpe;resx;tiff;tif;png;wav;mfcribbon-ms</Extensions>
    </Filter>
    <Filter Include="Fichiers sources\Misc">
      <UniqueIdentifier>{fc59658b-abd8-4b98-ab8c-e2b7749adffe}</UniqueIdentifier>
    </Filter>
    <Filter Include="Fichiers sources\UI">
      <UniqueIdentifier>{fbd2d3fe-5621-494b-8f4b-e94ece1ba994}</UniqueIdentifier>
    </Filter>
    <Filter Include="Fichiers sources\Managers">
      <UniqueIdentifier>{b320851c-0630-4415-8c7a-ba03a7256633}</UniqueIdentifier>
    </Filter>
    <Filter Include="Fichiers sources\Managers\Font">
      <UniqueIdentifier>{da228f4c-d181-43c1-aaaf-af4c7befed5b}</UniqueIdentifier>
    </Filter>
    <Filter Include="Fichiers sources\Managers\Texture">
      <UniqueIdentifier>{d0972d0c-bea6-449f-a47a-d86bdaa4e9a1}</UniqueIdentifier>
    </Filter>
    <Filter Include="Fichiers sources\Managers\Input">
      <UniqueIdentifier>{cab228c6-9d33-4fb8-ac17-9c477a44eaf0}</UniqueIdentifier>
    </Filter>
    <Filter Include="Fichiers sources\Managers\Actor">
      <UniqueIdentifier>{e1edfef5-1cf3-4b1e-8db3-21c686f4ef9d}</UniqueIdentifier>
    </Filter>
    <Filter Include="Fichiers sources\Managers\Timer">
      <UniqueIdentifier>{309f0ea2-29a6-40e8-9c3c-e1139b84c3ea}</UniqueIdentifier>
    </Filter>
    <Filter Include="Fichiers sources\Components">
      <UniqueIdentifier>{0a6a1754-be60-432c-8a62-b0713dc58aad}</UniqueIdentifier>
    </Filter>
    <Filter Include="Fichiers sources\Objects">
      <UniqueIdentifier>{59deda70-429d-499a-9372-cf743e160c23}</UniqueIdentifier>
    </Filter>
    <Filter Include="Fichiers sources\UI\Widgets">
      <UniqueIdentifier>{245e1a99-4a16-42f3-9de4-f32bb725c5a5}</UniqueIdentifier>
    </Filter>
    <Filter Include="Fichiers sources\Components\Movements">
      <UniqueIdentifier>{c3539d0f-3ac6-4158-b9ae-c1ae63ffa961}</UniqueIdentifier>
    </Filter>
    <Filter Include="Fichiers sources\Managers\Storage">
      <UniqueIdentifier>{919ce94d-1f15-4630-9d99-271d2aa330db}</UniqueIdentifier>
    </Filter>
    <Filter Include="Fichiers sources\Objects\ShapeObjects">
      <UniqueIdentifier>{1f56ca67-a7d8-4dd9-bb35-29e12612c4a7}</UniqueIdentifier>
    </Filter>
    <Filter Include="Fichiers sources\Objects\ShapeObjects\Actors">
      <UniqueIdentifier>{e78c93f7-b162-4e27-9887-e032ec2f9bcb}</UniqueIdentifier>
    </Filter>
    <Filter Include="Fichiers sources\Objects\ShapeObjects\Actors\Player">
      <UniqueIdentifier>{d5bea249-770e-4755-bb6a-09f71f457657}</UniqueIdentifier>
    </Filter>
    <Filter Include="Fichiers sources\Objects\ShapeObjects\Actors\Tile">
      <UniqueIdentifier>{a060bace-1776-4cc0-af58-5ddf7aa109c2}</UniqueIdentifier>
    </Filter>
    <Filter Include="Fichiers sources\Objects\TextObjects">
      <UniqueIdentifier>{0d12c403-e980-4ecd-8b91-86f80706d54c}</UniqueIdentifier>
    </Filter>
    <Filter Include="Fichiers de ressources\Macro">
      <UniqueIdentifier>{8e5c845c-3319-4e7c-bb77-b352094c369a}</UniqueIdentifier>
    </Filter>
    <Filter Include="Fichiers de ressources\Kismet">
      <UniqueIdentifier>{7dbe5f26-bb17-4da3-a24b-506c0edac30b}</UniqueIdentifier>
    </Filter>
    <Filter Include="Fichiers sources\Map">
      <UniqueIdentifier>{b89d56a6-431c-4a76-88a2-abd9acbfc48b}</UniqueIdentifier>
    </Filter>
    <Filter Include="Fichiers sources\Map\Biome">
      <UniqueIdentifier>{22a7b358-4be3-4969-90c6-f88221ba9e87}</UniqueIdentifier>
    </Filter>
    <Filter Include="Fichiers sources\Game">
      <UniqueIdentifier>{67fe9476-c86a-4678-9615-2137bc5ae103}</UniqueIdentifier>
    </Filter>
    <Filter Include="Fichiers sources\Managers\Biome">
      <UniqueIdentifier>{b3a4a077-181d-4c24-9d08-3f858c421927}</UniqueIdentifier>
    </Filter>
    <Filter Include="Fichiers sources\Managers\Network">
      <UniqueIdentifier>{b4644659-d3f0-4e74-9682-2cf2f3b7d190}</UniqueIdentifier>
    </Filter>
    <Filter Include="Fichiers sources\UI\Widgets\ShapeWidgets">
      <UniqueIdentifier>{255044ae-32a1-4b33-be10-b009cf325dd0}</UniqueIdentifier>
    </Filter>
    <Filter Include="Fichiers sources\UI\Widgets\ShapeWidgets\Button">
      <UniqueIdentifier>{09f624ed-1443-40fe-b6a4-fcbe4191b336}</UniqueIdentifier>
    </Filter>
    <Filter Include="Fichiers sources\UI\Widgets\ShapeWidgets\ProgressBar">
      <UniqueIdentifier>{4f6a148f-8cac-442e-b2c5-6359ba298325}</UniqueIdentifier>
    </Filter>
    <Filter Include="Fichiers sources\Managers\Ui">
      <UniqueIdentifier>{833710f5-31d8-46d5-96df-9f67f23950bb}</UniqueIdentifier>
    </Filter>
    <Filter Include="Fichiers sources\UI\Widgets\TextWidgets">
      <UniqueIdentifier>{10f49cc8-abce-41b5-8e06-dcc1774c37c4}</UniqueIdentifier>
    </Filter>
    <Filter Include="Fichiers sources\UI\Widgets\TextWidgets\Label">
      <UniqueIdentifier>{105baf87-91ae-49e4-b5da-1e8674328d9c}</UniqueIdentifier>
    </Filter>
    <Filter Include="Fichiers sources\UI\Widgets\ShapeWidgets\Storable">
      <UniqueIdentifier>{a9203019-d2a4-44a4-ae09-f43fa4dbd908}</UniqueIdentifier>
    </Filter>
    <Filter Include="Fichiers sources\UI\Widgets\ShapeWidgets\Storable\Items">
      <UniqueIdentifier>{92ce1b09-58fa-41e6-92f6-514f3edf3552}</UniqueIdentifier>
    </Filter>
    <Filter Include="Fichiers sources\UI\Widgets\ShapeWidgets\Storable\Craft">
      <UniqueIdentifier>{5a90874d-7194-4ab1-b8f9-b07054e18b92}</UniqueIdentifier>
    </Filter>
    <Filter Include="Fichiers sources\UI\Widgets\ShapeWidgets\Storable\Skill">
      <UniqueIdentifier>{e0e58343-fc26-4263-b424-93e82a7612c1}</UniqueIdentifier>
    </Filter>
    <Filter Include="Fichiers sources\Managers\Storage\CraftBook">
      <UniqueIdentifier>{7ffab097-7797-49ee-9a41-ab54124cb6ef}</UniqueIdentifier>
    </Filter>
    <Filter Include="Fichiers sources\Managers\Storage\Inventory">
      <UniqueIdentifier>{ec760327-7498-4bce-9bc9-6c70d99de25a}</UniqueIdentifier>
    </Filter>
    <Filter Include="Fichiers sources\Managers\Storage\SkillTree">
      <UniqueIdentifier>{7140cb73-5143-483d-b96a-6e6eb82319ef}</UniqueIdentifier>
    </Filter>
    <Filter Include="Fichiers sources\UI\Widgets\ShapeWidgets\Storable\Items\Consumable">
      <UniqueIdentifier>{639c5e82-dfd2-4e21-844b-037d96cce04e}</UniqueIdentifier>
    </Filter>
    <Filter Include="Fichiers sources\UI\Widgets\ShapeWidgets\Storable\Items\Equipment">
      <UniqueIdentifier>{3d012038-1781-4b90-a240-86a1ed9bb6e0}</UniqueIdentifier>
    </Filter>
    <Filter Include="Fichiers sources\Objects\ShapeObjects\Actors\Interactable">
      <UniqueIdentifier>{ca8c8376-2978-4e8e-a29f-992234dc38a9}</UniqueIdentifier>
    </Filter>
    <Filter Include="Fichiers sources\Components\Interact">
      <UniqueIdentifier>{a5ebce40-ec3e-47cf-831e-0b4b5911db10}</UniqueIdentifier>
    </Filter>
    <Filter Include="Fichiers sources\Objects\ShapeObjects\Actors\Interactable\Resource">
      <UniqueIdentifier>{2ddf9660-6e58-47e4-b8ad-935d2c1671fe}</UniqueIdentifier>
    </Filter>
    <Filter Include="Fichiers sources\Components\Gather">
      <UniqueIdentifier>{2a5f7a06-76e7-46fc-9178-d613062b0027}</UniqueIdentifier>
    </Filter>
    <Filter Include="Fichiers sources\Components\FightComponent">
      <UniqueIdentifier>{1fc40643-3911-4038-b0ca-eba49d5fe8db}</UniqueIdentifier>
    </Filter>
    <Filter Include="Fichiers sources\Objects\ShapeObjects\Actors\Enemies">
      <UniqueIdentifier>{291b6737-ef41-4cd9-b5a2-686d038d8104}</UniqueIdentifier>
    </Filter>
  </ItemGroup>
  <ItemGroup>
    <ClCompile Include="Main.cpp">
      <Filter>Fichiers sources</Filter>
    </ClCompile>
    <ClCompile Include="ActorManager.cpp">
      <Filter>Fichiers sources\Managers\Actor</Filter>
    </ClCompile>
    <ClCompile Include="Action.cpp">
      <Filter>Fichiers sources\Managers\Input</Filter>
    </ClCompile>
    <ClCompile Include="ActionMap.cpp">
      <Filter>Fichiers sources\Managers\Input</Filter>
    </ClCompile>
    <ClCompile Include="InputManager.cpp">
      <Filter>Fichiers sources\Managers\Input</Filter>
    </ClCompile>
    <ClCompile Include="FontManager.cpp">
      <Filter>Fichiers sources\Managers\Font</Filter>
    </ClCompile>
    <ClCompile Include="FontData.cpp">
      <Filter>Fichiers sources\Managers\Font</Filter>
    </ClCompile>
    <ClCompile Include="TextureData.cpp">
      <Filter>Fichiers sources\Managers\Texture</Filter>
    </ClCompile>
    <ClCompile Include="TextureManager.cpp">
      <Filter>Fichiers sources\Managers\Texture</Filter>
    </ClCompile>
    <ClCompile Include="Timer.cpp">
      <Filter>Fichiers sources\Managers\Timer</Filter>
    </ClCompile>
    <ClCompile Include="TimerManager.cpp">
      <Filter>Fichiers sources\Managers\Timer</Filter>
    </ClCompile>
    <ClCompile Include="Canvas.cpp">
      <Filter>Fichiers sources\UI</Filter>
    </ClCompile>
    <ClCompile Include="Object.cpp">
      <Filter>Fichiers sources\Objects</Filter>
    </ClCompile>
    <ClCompile Include="Component.cpp">
      <Filter>Fichiers sources\Components</Filter>
    </ClCompile>
    <ClCompile Include="Player.cpp">
      <Filter>Fichiers sources\Objects\ShapeObjects\Actors\Player</Filter>
    </ClCompile>
    <ClCompile Include="Button.cpp">
      <Filter>Fichiers sources\UI\Widgets\ShapeWidgets\Button</Filter>
    </ClCompile>
    <ClCompile Include="ProgressBar.cpp">
      <Filter>Fichiers sources\UI\Widgets\ShapeWidgets\ProgressBar</Filter>
    </ClCompile>
    <ClCompile Include="Widget.cpp">
      <Filter>Fichiers sources\UI\Widgets</Filter>
    </ClCompile>
    <ClCompile Include="MovementComponent.cpp">
      <Filter>Fichiers sources\Components\Movements</Filter>
    </ClCompile>
    <ClCompile Include="PlayerMovementComponent.cpp">
      <Filter>Fichiers sources\Components\Movements</Filter>
    </ClCompile>
    <ClCompile Include="Item.cpp">
      <Filter>Fichiers sources\UI\Widgets\ShapeWidgets\Storable\Items</Filter>
    </ClCompile>
    <ClCompile Include="Craft.cpp">
      <Filter>Fichiers sources\UI\Widgets\ShapeWidgets\Storable\Craft</Filter>
    </ClCompile>
    <ClCompile Include="Skill.cpp">
      <Filter>Fichiers sources\UI\Widgets\ShapeWidgets\Storable\Skill</Filter>
    </ClCompile>
    <ClCompile Include="Actor.cpp">
      <Filter>Fichiers sources\Objects\ShapeObjects\Actors</Filter>
    </ClCompile>
    <ClCompile Include="Tile.cpp">
      <Filter>Fichiers sources\Objects\ShapeObjects\Actors\Tile</Filter>
    </ClCompile>
    <ClCompile Include="TextObject.cpp">
      <Filter>Fichiers sources\Objects\TextObjects</Filter>
    </ClCompile>
    <ClCompile Include="Macro.cpp">
      <Filter>Fichiers de ressources\Macro</Filter>
    </ClCompile>
    <ClCompile Include="Kismet.cpp">
      <Filter>Fichiers de ressources\Kismet</Filter>
    </ClCompile>
    <ClCompile Include="Map.cpp">
      <Filter>Fichiers sources\Map</Filter>
    </ClCompile>
    <ClCompile Include="Biome.cpp">
      <Filter>Fichiers sources\Map\Biome</Filter>
    </ClCompile>
    <ClCompile Include="Game.cpp">
      <Filter>Fichiers sources\Game</Filter>
    </ClCompile>
    <ClCompile Include="BiomeManager.cpp">
      <Filter>Fichiers sources\Managers\Biome</Filter>
    </ClCompile>
    <ClCompile Include="ShapeObject.cpp">
      <Filter>Fichiers sources\Objects\ShapeObjects</Filter>
    </ClCompile>
    <ClCompile Include="NetworkManager.cpp">
      <Filter>Fichiers sources\Managers\Network</Filter>
    </ClCompile>
    <ClCompile Include="ShapeWidget.cpp">
      <Filter>Fichiers sources\UI\Widgets\ShapeWidgets</Filter>
    </ClCompile>
    <ClCompile Include="HUD.cpp">
      <Filter>Fichiers sources\Managers\Ui</Filter>
    </ClCompile>
    <ClCompile Include="TextWidget.cpp">
      <Filter>Fichiers sources\UI\Widgets\TextWidgets</Filter>
    </ClCompile>
    <ClCompile Include="Label.cpp">
      <Filter>Fichiers sources\UI\Widgets\TextWidgets\Label</Filter>
    </ClCompile>
    <ClCompile Include="CraftBook.cpp">
      <Filter>Fichiers sources\Managers\Storage\CraftBook</Filter>
    </ClCompile>
    <ClCompile Include="Inventory.cpp">
      <Filter>Fichiers sources\Managers\Storage\Inventory</Filter>
    </ClCompile>
    <ClCompile Include="SkillTree.cpp">
      <Filter>Fichiers sources\Managers\Storage\SkillTree</Filter>
    </ClCompile>
    <ClCompile Include="ItemData.cpp">
      <Filter>Fichiers sources\UI\Widgets\ShapeWidgets\Storable\Items</Filter>
    </ClCompile>
    <ClCompile Include="Consumable.cpp">
      <Filter>Fichiers sources\UI\Widgets\ShapeWidgets\Storable\Items\Consumable</Filter>
    </ClCompile>
    <ClCompile Include="Equipment.cpp">
      <Filter>Fichiers sources\UI\Widgets\ShapeWidgets\Storable\Items\Equipment</Filter>
    </ClCompile>
    <ClCompile Include="InteractableActor.cpp">
      <Filter>Fichiers sources\Objects\ShapeObjects\Actors\Interactable</Filter>
    </ClCompile>
    <ClCompile Include="InteractComponent.cpp">
      <Filter>Fichiers sources\Components\Interact</Filter>
    </ClCompile>
    <ClCompile Include="Resource.cpp">
      <Filter>Fichiers sources\Objects\ShapeObjects\Actors\Interactable\Resource</Filter>
    </ClCompile>
    <ClCompile Include="GatherComponent.cpp">
      <Filter>Fichiers sources\Components\Gather</Filter>
    </ClCompile>
    <ClCompile Include="FightComponent.cpp">
      <Filter>Fichiers sources\Components\FightComponent</Filter>
    </ClCompile>
    <ClCompile Include="Enemy.cpp">
      <Filter>Fichiers sources\Objects\ShapeObjects\Actors\Enemies</Filter>
    </ClCompile>
  </ItemGroup>
  <ItemGroup>
    <ClInclude Include="Action.h">
      <Filter>Fichiers sources\Managers\Input</Filter>
    </ClInclude>
    <ClInclude Include="InputManager.h">
      <Filter>Fichiers sources\Managers\Input</Filter>
    </ClInclude>
    <ClInclude Include="FontManager.h">
      <Filter>Fichiers sources\Managers\Font</Filter>
    </ClInclude>
    <ClInclude Include="FontData.h">
      <Filter>Fichiers sources\Managers\Font</Filter>
    </ClInclude>
    <ClInclude Include="ActionMap.h">
      <Filter>Fichiers sources\Managers\Input</Filter>
    </ClInclude>
    <ClInclude Include="ActorManager.h">
      <Filter>Fichiers sources\Managers\Actor</Filter>
    </ClInclude>
    <ClInclude Include="TextureData.h">
      <Filter>Fichiers sources\Managers\Texture</Filter>
    </ClInclude>
    <ClInclude Include="TextureManager.h">
      <Filter>Fichiers sources\Managers\Texture</Filter>
    </ClInclude>
    <ClInclude Include="Timer.h">
      <Filter>Fichiers sources\Managers\Timer</Filter>
    </ClInclude>
    <ClInclude Include="TimerManager.h">
      <Filter>Fichiers sources\Managers\Timer</Filter>
    </ClInclude>
    <ClInclude Include="Canvas.h">
      <Filter>Fichiers sources\UI</Filter>
    </ClInclude>
    <ClInclude Include="Object.h">
      <Filter>Fichiers sources\Objects</Filter>
    </ClInclude>
    <ClInclude Include="Component.h">
      <Filter>Fichiers sources\Components</Filter>
    </ClInclude>
    <ClInclude Include="IManagable.h">
      <Filter>Fichiers sources\Managers</Filter>
    </ClInclude>
    <ClInclude Include="IManager.h">
      <Filter>Fichiers sources\Managers</Filter>
    </ClInclude>
    <ClInclude Include="Singleton.h">
      <Filter>Fichiers sources\Managers</Filter>
    </ClInclude>
    <ClInclude Include="FileLoader.h">
      <Filter>Fichiers sources\Misc</Filter>
    </ClInclude>
    <ClInclude Include="PlayerStats.h">
      <Filter>Fichiers sources\Objects\ShapeObjects\Actors\Player</Filter>
    </ClInclude>
    <ClInclude Include="Player.h">
      <Filter>Fichiers sources\Objects\ShapeObjects\Actors\Player</Filter>
    </ClInclude>
    <ClInclude Include="Button.h">
      <Filter>Fichiers sources\UI\Widgets\ShapeWidgets\Button</Filter>
    </ClInclude>
    <ClInclude Include="ProgressBar.h">
      <Filter>Fichiers sources\UI\Widgets\ShapeWidgets\ProgressBar</Filter>
    </ClInclude>
    <ClInclude Include="Widget.h">
      <Filter>Fichiers sources\UI\Widgets</Filter>
    </ClInclude>
    <ClInclude Include="PlayerMovementComponent.h">
      <Filter>Fichiers sources\Components\Movements</Filter>
    </ClInclude>
    <ClInclude Include="MovementComponent.h">
      <Filter>Fichiers sources\Components\Movements</Filter>
    </ClInclude>
    <ClInclude Include="Item.h">
      <Filter>Fichiers sources\UI\Widgets\ShapeWidgets\Storable\Items</Filter>
    </ClInclude>
    <ClInclude Include="Craft.h">
      <Filter>Fichiers sources\UI\Widgets\ShapeWidgets\Storable\Craft</Filter>
    </ClInclude>
    <ClInclude Include="Skill.h">
      <Filter>Fichiers sources\UI\Widgets\ShapeWidgets\Storable\Skill</Filter>
    </ClInclude>
    <ClInclude Include="Actor.h">
      <Filter>Fichiers sources\Objects\ShapeObjects\Actors</Filter>
    </ClInclude>
    <ClInclude Include="Tile.h">
      <Filter>Fichiers sources\Objects\ShapeObjects\Actors\Tile</Filter>
    </ClInclude>
    <ClInclude Include="TextObject.h">
      <Filter>Fichiers sources\Objects\TextObjects</Filter>
    </ClInclude>
    <ClInclude Include="Macro.h">
      <Filter>Fichiers de ressources\Macro</Filter>
    </ClInclude>
    <ClInclude Include="Kismet.h">
      <Filter>Fichiers de ressources\Kismet</Filter>
    </ClInclude>
    <ClInclude Include="Map.h">
      <Filter>Fichiers sources\Map</Filter>
    </ClInclude>
    <ClInclude Include="Biome.h">
      <Filter>Fichiers sources\Map\Biome</Filter>
    </ClInclude>
    <ClInclude Include="Game.h">
      <Filter>Fichiers sources\Game</Filter>
    </ClInclude>
    <ClInclude Include="BiomeManager.h">
      <Filter>Fichiers sources\Managers\Biome</Filter>
    </ClInclude>
    <ClInclude Include="ShapeObject.h">
      <Filter>Fichiers sources\Objects\ShapeObjects</Filter>
    </ClInclude>
    <ClInclude Include="NetworkManager.h">
      <Filter>Fichiers sources\Managers\Network</Filter>
    </ClInclude>
    <ClInclude Include="ShapeWidget.h">
      <Filter>Fichiers sources\UI\Widgets\ShapeWidgets</Filter>
    </ClInclude>
    <ClInclude Include="HUD.h">
      <Filter>Fichiers sources\Managers\Ui</Filter>
    </ClInclude>
    <ClInclude Include="TextWidget.h">
      <Filter>Fichiers sources\UI\Widgets\TextWidgets</Filter>
    </ClInclude>
    <ClInclude Include="Label.h">
      <Filter>Fichiers sources\UI\Widgets\TextWidgets\Label</Filter>
    </ClInclude>
    <ClInclude Include="Inventory.h">
      <Filter>Fichiers sources\Managers\Storage\Inventory</Filter>
    </ClInclude>
    <ClInclude Include="CraftBook.h">
      <Filter>Fichiers sources\Managers\Storage\CraftBook</Filter>
    </ClInclude>
    <ClInclude Include="SkillTree.h">
      <Filter>Fichiers sources\Managers\Storage\SkillTree</Filter>
    </ClInclude>
    <ClInclude Include="ItemData.h">
      <Filter>Fichiers sources\UI\Widgets\ShapeWidgets\Storable\Items</Filter>
    </ClInclude>
    <ClInclude Include="Consumable.h">
      <Filter>Fichiers sources\UI\Widgets\ShapeWidgets\Storable\Items\Consumable</Filter>
    </ClInclude>
    <ClInclude Include="Equipment.h">
      <Filter>Fichiers sources\UI\Widgets\ShapeWidgets\Storable\Items\Equipment</Filter>
    </ClInclude>
    <ClInclude Include="InteractableActor.h">
      <Filter>Fichiers sources\Objects\ShapeObjects\Actors\Interactable</Filter>
    </ClInclude>
    <ClInclude Include="InteractComponent.h">
      <Filter>Fichiers sources\Components\Interact</Filter>
    </ClInclude>
    <ClInclude Include="Resource.h">
      <Filter>Fichiers sources\Objects\ShapeObjects\Actors\Interactable\Resource</Filter>
    </ClInclude>
    <ClInclude Include="GatherComponent.h">
      <Filter>Fichiers sources\Components\Gather</Filter>
    </ClInclude>
    <ClInclude Include="FightComponent.h">
      <Filter>Fichiers sources\Components\FightComponent</Filter>
    </ClInclude>
    <ClInclude Include="Enemy.h">
      <Filter>Fichiers sources\Objects\ShapeObjects\Actors\Enemies</Filter>
    </ClInclude>
    <ClInclude Include="Stat.h">
      <Filter>Fichiers sources\Objects\ShapeObjects\Actors</Filter>
    </ClInclude>
  </ItemGroup>
</Project>